
Microsoft Visual Studio Solution File, Format Version 12.00
# Visual Studio Version 17
VisualStudioVersion = 17.0.31903.59
MinimumVisualStudioVersion = 10.0.40219.1
Project("{FAE04EC0-301F-11D3-BF4B-00C04F79EFBC}") = "App.Core", "App.Core\App.Core.csproj", "{D7543DB7-D7CC-4887-A4AB-A0D86CBE765E}"
EndProject
Project("{FAE04EC0-301F-11D3-BF4B-00C04F79EFBC}") = "App", "App\App.csproj", "{C593FF03-31AF-4935-A31A-3BD8FEE7D7D6}"
EndProject
Project("{FAE04EC0-301F-11D3-BF4B-00C04F79EFBC}") = "App.SelfTest", "App.SelfTest\App.SelfTest.csproj", "{F42F591D-3844-421C-8F90-0553777D6A39}"
EndProject
Global
	GlobalSection(SolutionConfigurationPlatforms) = preSolution
		Debug|Any CPU = Debug|Any CPU
		Debug|x64 = Debug|x64
		Debug|x86 = Debug|x86
		Release|Any CPU = Release|Any CPU
		Release|x64 = Release|x64
		Release|x86 = Release|x86
	EndGlobalSection
	GlobalSection(ProjectConfigurationPlatforms) = postSolution
		{D7543DB7-D7CC-4887-A4AB-A0D86CBE765E}.Debug|Any CPU.ActiveCfg = Debug|Any CPU
		{D7543DB7-D7CC-4887-A4AB-A0D86CBE765E}.Debug|Any CPU.Build.0 = Debug|Any CPU
		{D7543DB7-D7CC-4887-A4AB-A0D86CBE765E}.Debug|x64.ActiveCfg = Debug|Any CPU
		{D7543DB7-D7CC-4887-A4AB-A0D86CBE765E}.Debug|x64.Build.0 = Debug|Any CPU
		{D7543DB7-D7CC-4887-A4AB-A0D86CBE765E}.Debug|x86.ActiveCfg = Debug|Any CPU
		{D7543DB7-D7CC-4887-A4AB-A0D86CBE765E}.Debug|x86.Build.0 = Debug|Any CPU
		{D7543DB7-D7CC-4887-A4AB-A0D86CBE765E}.Release|Any CPU.ActiveCfg = Release|Any CPU
		{D7543DB7-D7CC-4887-A4AB-A0D86CBE765E}.Release|Any CPU.Build.0 = Release|Any CPU
		{D7543DB7-D7CC-4887-A4AB-A0D86CBE765E}.Release|x64.ActiveCfg = Release|Any CPU
		{D7543DB7-D7CC-4887-A4AB-A0D86CBE765E}.Release|x64.Build.0 = Release|Any CPU
		{D7543DB7-D7CC-4887-A4AB-A0D86CBE765E}.Release|x86.ActiveCfg = Release|Any CPU
		{D7543DB7-D7CC-4887-A4AB-A0D86CBE765E}.Release|x86.Build.0 = Release|Any CPU
		{C593FF03-31AF-4935-A31A-3BD8FEE7D7D6}.Debug|Any CPU.ActiveCfg = Debug|ARM64
		{C593FF03-31AF-4935-A31A-3BD8FEE7D7D6}.Debug|Any CPU.Build.0 = Debug|ARM64
		{C593FF03-31AF-4935-A31A-3BD8FEE7D7D6}.Debug|x64.ActiveCfg = Debug|x64
		{C593FF03-31AF-4935-A31A-3BD8FEE7D7D6}.Debug|x64.Build.0 = Debug|x64
		{C593FF03-31AF-4935-A31A-3BD8FEE7D7D6}.Debug|x86.ActiveCfg = Debug|ARM64
		{C593FF03-31AF-4935-A31A-3BD8FEE7D7D6}.Debug|x86.Build.0 = Debug|ARM64
		{C593FF03-31AF-4935-A31A-3BD8FEE7D7D6}.Release|Any CPU.ActiveCfg = Release|ARM64
		{C593FF03-31AF-4935-A31A-3BD8FEE7D7D6}.Release|Any CPU.Build.0 = Release|ARM64
		{C593FF03-31AF-4935-A31A-3BD8FEE7D7D6}.Release|x64.ActiveCfg = Release|x64
		{C593FF03-31AF-4935-A31A-3BD8FEE7D7D6}.Release|x64.Build.0 = Release|x64
		{C593FF03-31AF-4935-A31A-3BD8FEE7D7D6}.Release|x86.ActiveCfg = Release|ARM64
		{C593FF03-31AF-4935-A31A-3BD8FEE7D7D6}.Release|x86.Build.0 = Release|ARM64
		{F42F591D-3844-421C-8F90-0553777D6A39}.Debug|Any CPU.ActiveCfg = Debug|Any CPU
		{F42F591D-3844-421C-8F90-0553777D6A39}.Debug|Any CPU.Build.0 = Debug|Any CPU
		{F42F591D-3844-421C-8F90-0553777D6A39}.Debug|x64.ActiveCfg = Debug|Any CPU
		{F42F591D-3844-421C-8F90-0553777D6A39}.Debug|x64.Build.0 = Debug|Any CPU
		{F42F591D-3844-421C-8F90-0553777D6A39}.Debug|x86.ActiveCfg = Debug|Any CPU
		{F42F591D-3844-421C-8F90-0553777D6A39}.Debug|x86.Build.0 = Debug|Any CPU
		{F42F591D-3844-421C-8F90-0553777D6A39}.Release|Any CPU.ActiveCfg = Release|Any CPU
		{F42F591D-3844-421C-8F90-0553777D6A39}.Release|Any CPU.Build.0 = Release|Any CPU
		{F42F591D-3844-421C-8F90-0553777D6A39}.Release|x64.ActiveCfg = Release|Any CPU
		{F42F591D-3844-421C-8F90-0553777D6A39}.Release|x64.Build.0 = Release|Any CPU
		{F42F591D-3844-421C-8F90-0553777D6A39}.Release|x86.ActiveCfg = Release|Any CPU
		{F42F591D-3844-421C-8F90-0553777D6A39}.Release|x86.Build.0 = Release|Any CPU
	EndGlobalSection
	GlobalSection(SolutionProperties) = preSolution
		HideSolutionNode = FALSE
	EndGlobalSection
EndGlobal
